
Microsoft Visual Studio Solution File, Format Version 12.00
# Visual Studio Version 16
VisualStudioVersion = 16.0.31424.327
MinimumVisualStudioVersion = 10.0.40219.1
Project("{FAE04EC0-301F-11D3-BF4B-00C04F79EFBC}") = "ASPAssignment1", "ASPAssignment1\ASPAssignment1.csproj", "{0617A855-DFE5-4911-B7CE-A638BED38EDB}"
EndProject
Global
	GlobalSection(SolutionConfigurationPlatforms) = preSolution
		Debug|Any CPU = Debug|Any CPU
		Release|Any CPU = Release|Any CPU
	EndGlobalSection
	GlobalSection(ProjectConfigurationPlatforms) = postSolution
		{0617A855-DFE5-4911-B7CE-A638BED38EDB}.Debug|Any CPU.ActiveCfg = Debug|Any CPU
		{0617A855-DFE5-4911-B7CE-A638BED38EDB}.Debug|Any CPU.Build.0 = Debug|Any CPU
		{0617A855-DFE5-4911-B7CE-A638BED38EDB}.Release|Any CPU.ActiveCfg = Release|Any CPU
		{0617A855-DFE5-4911-B7CE-A638BED38EDB}.Release|Any CPU.Build.0 = Release|Any CPU
	EndGlobalSection
	GlobalSection(SolutionProperties) = preSolution
		HideSolutionNode = FALSE
	EndGlobalSection
	GlobalSection(ExtensibilityGlobals) = postSolution
		SolutionGuid = {42520C50-08CF-4746-934D-C8DB9C55CE5A}
	EndGlobalSection
EndGlobal
